# This file is autogenerated, do not edit; changes may be undone by the next 'dep ensure'.


[[projects]]
  name = "github.com/disintegration/imaging"
  packages = ["."]
  revision = "fd34ef7671b12cdf1b024d98c6b327b2770d32c4"
  version = "v1.4.1"

[[projects]]
  name = "github.com/kurin/blazer"
  packages = [
    "b2",
    "base",
    "internal/b2types",
    "internal/blog"
  ]
  revision = "cd0304efa98725679cf68422cefa328d3d96f2f4"
  version = "v0.3.0"

[[projects]]
  branch = "master"
  name = "golang.org/x/image"
  packages = [
    "bmp",
    "tiff",
    "tiff/lzw"
  ]
  revision = "f3a9b89b59def9194717c1d0bd4c0d08fa1afa7b"

[solve-meta]
  analyzer-name = "dep"
  analyzer-version = 1
  inputs-digest = "722df31796fe0004d9a26f3c7545673698a1c01831720116fd36762b7e702bf7"
  solver-name = "gps-cdcl"
  solver-version = 1
